
Microsoft Visual Studio Solution File, Format Version 12.00
# Visual Studio Version 16
VisualStudioVersion = 16.0.31205.134
MinimumVisualStudioVersion = 10.0.40219.1
Project("{8BC9CEB8-8B4A-11D0-8D11-00A0C91BC942}") = "Char12-11", "Char12-11\Char12-11.vcxproj", "{6CCD85D7-49E5-4F6D-9AFE-797F5EA34A41}"
EndProject
Project("{8BC9CEB8-8B4A-11D0-8D11-00A0C91BC942}") = "Char12-12", "Char12-12\Char12-12.vcxproj", "{3CA76FF1-6565-4B88-A7F4-F2ACA2444775}"
EndProject
Project("{8BC9CEB8-8B4A-11D0-8D11-00A0C91BC942}") = "Char12-13", "Char12-13\Char12-13.vcxproj", "{0B876438-9E2E-4384-B3F7-2D8DBBE6CCBF}"
EndProject
Project("{8BC9CEB8-8B4A-11D0-8D11-00A0C91BC942}") = "실습", "xsize.c\xsize.c.vcxproj", "{CC6218CC-C33D-466D-9F1C-A2D2F4933E46}"
EndProject
Project("{8BC9CEB8-8B4A-11D0-8D11-00A0C91BC942}") = "Char12-1", "Char12-1\Char12-1.vcxproj", "{0AA9CF8B-789B-42B6-B219-028F51A4D246}"
EndProject
Project("{8BC9CEB8-8B4A-11D0-8D11-00A0C91BC942}") = "Char12-2", "Char12-2\Char12-2.vcxproj", "{8B0FA39E-F31C-492F-B56B-D28B137CFC5E}"
EndProject
Project("{8BC9CEB8-8B4A-11D0-8D11-00A0C91BC942}") = "Char12-3", "Char12-3\Char12-3.vcxproj", "{66682EE2-3719-4D40-AFC1-3A73F5973BEB}"
EndProject
Project("{8BC9CEB8-8B4A-11D0-8D11-00A0C91BC942}") = "Char12-5", "Char12-5\Char12-5.vcxproj", "{22871A35-E208-428F-938A-3EB8B4F735D8}"
EndProject
Project("{8BC9CEB8-8B4A-11D0-8D11-00A0C91BC942}") = "Char12-6", "Char12-6\Char12-6.vcxproj", "{317029B2-D9D5-4826-B91B-B18F56048520}"
EndProject
Project("{8BC9CEB8-8B4A-11D0-8D11-00A0C91BC942}") = "Char12-7", "Char12-7\Char12-7.vcxproj", "{70D2877F-5C98-4BA5-860A-57CFBA3E84A4}"
EndProject
Project("{8BC9CEB8-8B4A-11D0-8D11-00A0C91BC942}") = "Char12-8", "Char12-8\Char12-8.vcxproj", "{D82B082D-34BC-42EB-9A87-19E48DC6F0C3}"
EndProject
Project("{8BC9CEB8-8B4A-11D0-8D11-00A0C91BC942}") = "Char12-9", "Char12-9\Char12-9.vcxproj", "{CF15DED2-34A0-46E2-B842-306091207DD2}"
EndProject
Project("{8BC9CEB8-8B4A-11D0-8D11-00A0C91BC942}") = "Char12-10", "Char12-10\Char12-10.vcxproj", "{F92A5E7F-7543-4734-9633-9E1565D66416}"
EndProject
Project("{8BC9CEB8-8B4A-11D0-8D11-00A0C91BC942}") = "Char12-4", "Char12-4\Char12-4.vcxproj", "{0C34CF66-02AE-44D9-8773-DF5339C2ABA5}"
EndProject
Global
	GlobalSection(SolutionConfigurationPlatforms) = preSolution
		Debug|x64 = Debug|x64
		Debug|x86 = Debug|x86
		Release|x64 = Release|x64
		Release|x86 = Release|x86
	EndGlobalSection
	GlobalSection(ProjectConfigurationPlatforms) = postSolution
		{6CCD85D7-49E5-4F6D-9AFE-797F5EA34A41}.Debug|x64.ActiveCfg = Debug|x64
		{6CCD85D7-49E5-4F6D-9AFE-797F5EA34A41}.Debug|x64.Build.0 = Debug|x64
		{6CCD85D7-49E5-4F6D-9AFE-797F5EA34A41}.Debug|x86.ActiveCfg = Debug|Win32
		{6CCD85D7-49E5-4F6D-9AFE-797F5EA34A41}.Debug|x86.Build.0 = Debug|Win32
		{6CCD85D7-49E5-4F6D-9AFE-797F5EA34A41}.Release|x64.ActiveCfg = Release|x64
		{6CCD85D7-49E5-4F6D-9AFE-797F5EA34A41}.Release|x64.Build.0 = Release|x64
		{6CCD85D7-49E5-4F6D-9AFE-797F5EA34A41}.Release|x86.ActiveCfg = Release|Win32
		{6CCD85D7-49E5-4F6D-9AFE-797F5EA34A41}.Release|x86.Build.0 = Release|Win32
		{3CA76FF1-6565-4B88-A7F4-F2ACA2444775}.Debug|x64.ActiveCfg = Debug|x64
		{3CA76FF1-6565-4B88-A7F4-F2ACA2444775}.Debug|x64.Build.0 = Debug|x64
		{3CA76FF1-6565-4B88-A7F4-F2ACA2444775}.Debug|x86.ActiveCfg = Debug|Win32
		{3CA76FF1-6565-4B88-A7F4-F2ACA2444775}.Debug|x86.Build.0 = Debug|Win32
		{3CA76FF1-6565-4B88-A7F4-F2ACA2444775}.Release|x64.ActiveCfg = Release|x64
		{3CA76FF1-6565-4B88-A7F4-F2ACA2444775}.Release|x64.Build.0 = Release|x64
		{3CA76FF1-6565-4B88-A7F4-F2ACA2444775}.Release|x86.ActiveCfg = Release|Win32
		{3CA76FF1-6565-4B88-A7F4-F2ACA2444775}.Release|x86.Build.0 = Release|Win32
		{0B876438-9E2E-4384-B3F7-2D8DBBE6CCBF}.Debug|x64.ActiveCfg = Debug|x64
		{0B876438-9E2E-4384-B3F7-2D8DBBE6CCBF}.Debug|x64.Build.0 = Debug|x64
		{0B876438-9E2E-4384-B3F7-2D8DBBE6CCBF}.Debug|x86.ActiveCfg = Debug|Win32
		{0B876438-9E2E-4384-B3F7-2D8DBBE6CCBF}.Debug|x86.Build.0 = Debug|Win32
		{0B876438-9E2E-4384-B3F7-2D8DBBE6CCBF}.Release|x64.ActiveCfg = Release|x64
		{0B876438-9E2E-4384-B3F7-2D8DBBE6CCBF}.Release|x64.Build.0 = Release|x64
		{0B876438-9E2E-4384-B3F7-2D8DBBE6CCBF}.Release|x86.ActiveCfg = Release|Win32
		{0B876438-9E2E-4384-B3F7-2D8DBBE6CCBF}.Release|x86.Build.0 = Release|Win32
		{CC6218CC-C33D-466D-9F1C-A2D2F4933E46}.Debug|x64.ActiveCfg = Debug|x64
		{CC6218CC-C33D-466D-9F1C-A2D2F4933E46}.Debug|x64.Build.0 = Debug|x64
		{CC6218CC-C33D-466D-9F1C-A2D2F4933E46}.Debug|x86.ActiveCfg = Debug|Win32
		{CC6218CC-C33D-466D-9F1C-A2D2F4933E46}.Debug|x86.Build.0 = Debug|Win32
		{CC6218CC-C33D-466D-9F1C-A2D2F4933E46}.Release|x64.ActiveCfg = Release|x64
		{CC6218CC-C33D-466D-9F1C-A2D2F4933E46}.Release|x64.Build.0 = Release|x64
		{CC6218CC-C33D-466D-9F1C-A2D2F4933E46}.Release|x86.ActiveCfg = Release|Win32
		{CC6218CC-C33D-466D-9F1C-A2D2F4933E46}.Release|x86.Build.0 = Release|Win32
		{0AA9CF8B-789B-42B6-B219-028F51A4D246}.Debug|x64.ActiveCfg = Debug|x64
		{0AA9CF8B-789B-42B6-B219-028F51A4D246}.Debug|x64.Build.0 = Debug|x64
		{0AA9CF8B-789B-42B6-B219-028F51A4D246}.Debug|x86.ActiveCfg = Debug|Win32
		{0AA9CF8B-789B-42B6-B219-028F51A4D246}.Debug|x86.Build.0 = Debug|Win32
		{0AA9CF8B-789B-42B6-B219-028F51A4D246}.Release|x64.ActiveCfg = Release|x64
		{0AA9CF8B-789B-42B6-B219-028F51A4D246}.Release|x64.Build.0 = Release|x64
		{0AA9CF8B-789B-42B6-B219-028F51A4D246}.Release|x86.ActiveCfg = Release|Win32
		{0AA9CF8B-789B-42B6-B219-028F51A4D246}.Release|x86.Build.0 = Release|Win32
		{8B0FA39E-F31C-492F-B56B-D28B137CFC5E}.Debug|x64.ActiveCfg = Debug|x64
		{8B0FA39E-F31C-492F-B56B-D28B137CFC5E}.Debug|x64.Build.0 = Debug|x64
		{8B0FA39E-F31C-492F-B56B-D28B137CFC5E}.Debug|x86.ActiveCfg = Debug|Win32
		{8B0FA39E-F31C-492F-B56B-D28B137CFC5E}.Debug|x86.Build.0 = Debug|Win32
		{8B0FA39E-F31C-492F-B56B-D28B137CFC5E}.Release|x64.ActiveCfg = Release|x64
		{8B0FA39E-F31C-492F-B56B-D28B137CFC5E}.Release|x64.Build.0 = Release|x64
		{8B0FA39E-F31C-492F-B56B-D28B137CFC5E}.Release|x86.ActiveCfg = Release|Win32
		{8B0FA39E-F31C-492F-B56B-D28B137CFC5E}.Release|x86.Build.0 = Release|Win32
		{66682EE2-3719-4D40-AFC1-3A73F5973BEB}.Debug|x64.ActiveCfg = Debug|x64
		{66682EE2-3719-4D40-AFC1-3A73F5973BEB}.Debug|x64.Build.0 = Debug|x64
		{66682EE2-3719-4D40-AFC1-3A73F5973BEB}.Debug|x86.ActiveCfg = Debug|Win32
		{66682EE2-3719-4D40-AFC1-3A73F5973BEB}.Debug|x86.Build.0 = Debug|Win32
		{66682EE2-3719-4D40-AFC1-3A73F5973BEB}.Release|x64.ActiveCfg = Release|x64
		{66682EE2-3719-4D40-AFC1-3A73F5973BEB}.Release|x64.Build.0 = Release|x64
		{66682EE2-3719-4D40-AFC1-3A73F5973BEB}.Release|x86.ActiveCfg = Release|Win32
		{66682EE2-3719-4D40-AFC1-3A73F5973BEB}.Release|x86.Build.0 = Release|Win32
		{22871A35-E208-428F-938A-3EB8B4F735D8}.Debug|x64.ActiveCfg = Debug|x64
		{22871A35-E208-428F-938A-3EB8B4F735D8}.Debug|x64.Build.0 = Debug|x64
		{22871A35-E208-428F-938A-3EB8B4F735D8}.Debug|x86.ActiveCfg = Debug|Win32
		{22871A35-E208-428F-938A-3EB8B4F735D8}.Debug|x86.Build.0 = Debug|Win32
		{22871A35-E208-428F-938A-3EB8B4F735D8}.Release|x64.ActiveCfg = Release|x64
		{22871A35-E208-428F-938A-3EB8B4F735D8}.Release|x64.Build.0 = Release|x64
		{22871A35-E208-428F-938A-3EB8B4F735D8}.Release|x86.ActiveCfg = Release|Win32
		{22871A35-E208-428F-938A-3EB8B4F735D8}.Release|x86.Build.0 = Release|Win32
		{317029B2-D9D5-4826-B91B-B18F56048520}.Debug|x64.ActiveCfg = Debug|x64
		{317029B2-D9D5-4826-B91B-B18F56048520}.Debug|x64.Build.0 = Debug|x64
		{317029B2-D9D5-4826-B91B-B18F56048520}.Debug|x86.ActiveCfg = Debug|Win32
		{317029B2-D9D5-4826-B91B-B18F56048520}.Debug|x86.Build.0 = Debug|Win32
		{317029B2-D9D5-4826-B91B-B18F56048520}.Release|x64.ActiveCfg = Release|x64
		{317029B2-D9D5-4826-B91B-B18F56048520}.Release|x64.Build.0 = Release|x64
		{317029B2-D9D5-4826-B91B-B18F56048520}.Release|x86.ActiveCfg = Release|Win32
		{317029B2-D9D5-4826-B91B-B18F56048520}.Release|x86.Build.0 = Release|Win32
		{70D2877F-5C98-4BA5-860A-57CFBA3E84A4}.Debug|x64.ActiveCfg = Debug|x64
		{70D2877F-5C98-4BA5-860A-57CFBA3E84A4}.Debug|x64.Build.0 = Debug|x64
		{70D2877F-5C98-4BA5-860A-57CFBA3E84A4}.Debug|x86.ActiveCfg = Debug|Win32
		{70D2877F-5C98-4BA5-860A-57CFBA3E84A4}.Debug|x86.Build.0 = Debug|Win32
		{70D2877F-5C98-4BA5-860A-57CFBA3E84A4}.Release|x64.ActiveCfg = Release|x64
		{70D2877F-5C98-4BA5-860A-57CFBA3E84A4}.Release|x64.Build.0 = Release|x64
		{70D2877F-5C98-4BA5-860A-57CFBA3E84A4}.Release|x86.ActiveCfg = Release|Win32
		{70D2877F-5C98-4BA5-860A-57CFBA3E84A4}.Release|x86.Build.0 = Release|Win32
		{D82B082D-34BC-42EB-9A87-19E48DC6F0C3}.Debug|x64.ActiveCfg = Debug|x64
		{D82B082D-34BC-42EB-9A87-19E48DC6F0C3}.Debug|x64.Build.0 = Debug|x64
		{D82B082D-34BC-42EB-9A87-19E48DC6F0C3}.Debug|x86.ActiveCfg = Debug|Win32
		{D82B082D-34BC-42EB-9A87-19E48DC6F0C3}.Debug|x86.Build.0 = Debug|Win32
		{D82B082D-34BC-42EB-9A87-19E48DC6F0C3}.Release|x64.ActiveCfg = Release|x64
		{D82B082D-34BC-42EB-9A87-19E48DC6F0C3}.Release|x64.Build.0 = Release|x64
		{D82B082D-34BC-42EB-9A87-19E48DC6F0C3}.Release|x86.ActiveCfg = Release|Win32
		{D82B082D-34BC-42EB-9A87-19E48DC6F0C3}.Release|x86.Build.0 = Release|Win32
		{CF15DED2-34A0-46E2-B842-306091207DD2}.Debug|x64.ActiveCfg = Debug|x64
		{CF15DED2-34A0-46E2-B842-306091207DD2}.Debug|x64.Build.0 = Debug|x64
		{CF15DED2-34A0-46E2-B842-306091207DD2}.Debug|x86.ActiveCfg = Debug|Win32
		{CF15DED2-34A0-46E2-B842-306091207DD2}.Debug|x86.Build.0 = Debug|Win32
		{CF15DED2-34A0-46E2-B842-306091207DD2}.Release|x64.ActiveCfg = Release|x64
		{CF15DED2-34A0-46E2-B842-306091207DD2}.Release|x64.Build.0 = Release|x64
		{CF15DED2-34A0-46E2-B842-306091207DD2}.Release|x86.ActiveCfg = Release|Win32
		{CF15DED2-34A0-46E2-B842-306091207DD2}.Release|x86.Build.0 = Release|Win32
		{F92A5E7F-7543-4734-9633-9E1565D66416}.Debug|x64.ActiveCfg = Debug|x64
		{F92A5E7F-7543-4734-9633-9E1565D66416}.Debug|x64.Build.0 = Debug|x64
		{F92A5E7F-7543-4734-9633-9E1565D66416}.Debug|x86.ActiveCfg = Debug|Win32
		{F92A5E7F-7543-4734-9633-9E1565D66416}.Debug|x86.Build.0 = Debug|Win32
		{F92A5E7F-7543-4734-9633-9E1565D66416}.Release|x64.ActiveCfg = Release|x64
		{F92A5E7F-7543-4734-9633-9E1565D66416}.Release|x64.Build.0 = Release|x64
		{F92A5E7F-7543-4734-9633-9E1565D66416}.Release|x86.ActiveCfg = Release|Win32
		{F92A5E7F-7543-4734-9633-9E1565D66416}.Release|x86.Build.0 = Release|Win32
		{0C34CF66-02AE-44D9-8773-DF5339C2ABA5}.Debug|x64.ActiveCfg = Debug|x64
		{0C34CF66-02AE-44D9-8773-DF5339C2ABA5}.Debug|x64.Build.0 = Debug|x64
		{0C34CF66-02AE-44D9-8773-DF5339C2ABA5}.Debug|x86.ActiveCfg = Debug|Win32
		{0C34CF66-02AE-44D9-8773-DF5339C2ABA5}.Debug|x86.Build.0 = Debug|Win32
		{0C34CF66-02AE-44D9-8773-DF5339C2ABA5}.Release|x64.ActiveCfg = Release|x64
		{0C34CF66-02AE-44D9-8773-DF5339C2ABA5}.Release|x64.Build.0 = Release|x64
		{0C34CF66-02AE-44D9-8773-DF5339C2ABA5}.Release|x86.ActiveCfg = Release|Win32
		{0C34CF66-02AE-44D9-8773-DF5339C2ABA5}.Release|x86.Build.0 = Release|Win32
	EndGlobalSection
	GlobalSection(SolutionProperties) = preSolution
		HideSolutionNode = FALSE
	EndGlobalSection
	GlobalSection(ExtensibilityGlobals) = postSolution
		SolutionGuid = {48B4EE2E-87E5-4CBA-9F45-35684298035D}
	EndGlobalSection
EndGlobal
