
Microsoft Visual Studio Solution File, Format Version 12.00
# Visual Studio Version 16
VisualStudioVersion = 16.0.31205.134
MinimumVisualStudioVersion = 10.0.40219.1
Project("{8BC9CEB8-8B4A-11D0-8D11-00A0C91BC942}") = "Test", "Test\Test.vcxproj", "{0A59B7BB-4DE0-49EB-9AD3-3FE94215AB4B}"
EndProject
Project("{8BC9CEB8-8B4A-11D0-8D11-00A0C91BC942}") = "Char03", "..\Char03\Char03.vcxproj", "{7EF9A3B0-1395-4CFE-B146-8ED092FDE2AC}"
EndProject
Global
	GlobalSection(SolutionConfigurationPlatforms) = preSolution
		Debug|x64 = Debug|x64
		Debug|x86 = Debug|x86
		Release|x64 = Release|x64
		Release|x86 = Release|x86
	EndGlobalSection
	GlobalSection(ProjectConfigurationPlatforms) = postSolution
		{0A59B7BB-4DE0-49EB-9AD3-3FE94215AB4B}.Debug|x64.ActiveCfg = Debug|x64
		{0A59B7BB-4DE0-49EB-9AD3-3FE94215AB4B}.Debug|x64.Build.0 = Debug|x64
		{0A59B7BB-4DE0-49EB-9AD3-3FE94215AB4B}.Debug|x86.ActiveCfg = Debug|Win32
		{0A59B7BB-4DE0-49EB-9AD3-3FE94215AB4B}.Debug|x86.Build.0 = Debug|Win32
		{0A59B7BB-4DE0-49EB-9AD3-3FE94215AB4B}.Release|x64.ActiveCfg = Release|x64
		{0A59B7BB-4DE0-49EB-9AD3-3FE94215AB4B}.Release|x64.Build.0 = Release|x64
		{0A59B7BB-4DE0-49EB-9AD3-3FE94215AB4B}.Release|x86.ActiveCfg = Release|Win32
		{0A59B7BB-4DE0-49EB-9AD3-3FE94215AB4B}.Release|x86.Build.0 = Release|Win32
		{7EF9A3B0-1395-4CFE-B146-8ED092FDE2AC}.Debug|x64.ActiveCfg = Debug|x64
		{7EF9A3B0-1395-4CFE-B146-8ED092FDE2AC}.Debug|x64.Build.0 = Debug|x64
		{7EF9A3B0-1395-4CFE-B146-8ED092FDE2AC}.Debug|x86.ActiveCfg = Debug|Win32
		{7EF9A3B0-1395-4CFE-B146-8ED092FDE2AC}.Debug|x86.Build.0 = Debug|Win32
		{7EF9A3B0-1395-4CFE-B146-8ED092FDE2AC}.Release|x64.ActiveCfg = Release|x64
		{7EF9A3B0-1395-4CFE-B146-8ED092FDE2AC}.Release|x64.Build.0 = Release|x64
		{7EF9A3B0-1395-4CFE-B146-8ED092FDE2AC}.Release|x86.ActiveCfg = Release|Win32
		{7EF9A3B0-1395-4CFE-B146-8ED092FDE2AC}.Release|x86.Build.0 = Release|Win32
	EndGlobalSection
	GlobalSection(SolutionProperties) = preSolution
		HideSolutionNode = FALSE
	EndGlobalSection
	GlobalSection(ExtensibilityGlobals) = postSolution
		SolutionGuid = {42DE5EA7-4758-40FD-82F1-8D2F43E2B7AD}
	EndGlobalSection
EndGlobal
