
Microsoft Visual Studio Solution File, Format Version 12.00
# Visual Studio Version 16
VisualStudioVersion = 16.0.31205.134
MinimumVisualStudioVersion = 10.0.40219.1
Project("{8BC9CEB8-8B4A-11D0-8D11-00A0C91BC942}") = "Char13-1", "Char13-1\Char13-1.vcxproj", "{C1A1F923-9C49-4D2E-B6F0-AAB3506CC99A}"
EndProject
Project("{8BC9CEB8-8B4A-11D0-8D11-00A0C91BC942}") = "Char13-2", "Char13-2\Char13-2.vcxproj", "{2818A0F2-91C3-4DBD-B163-079F161F9523}"
EndProject
Project("{8BC9CEB8-8B4A-11D0-8D11-00A0C91BC942}") = "Char13-3", "Char13-3\Char13-3.vcxproj", "{F092857C-CC59-4B75-80E1-587BBC5D4402}"
EndProject
Project("{8BC9CEB8-8B4A-11D0-8D11-00A0C91BC942}") = "Char13-4", "Char13-4\Char13-4.vcxproj", "{314180DD-3870-444D-9BAB-A1E963E2A6C2}"
EndProject
Project("{8BC9CEB8-8B4A-11D0-8D11-00A0C91BC942}") = "Char13-5", "Char13-5\Char13-5.vcxproj", "{A0F857B3-57DA-41FF-B25B-3B8FDE172A7D}"
EndProject
Project("{8BC9CEB8-8B4A-11D0-8D11-00A0C91BC942}") = "Char13-6", "Char13-6\Char13-6.vcxproj", "{28F2704B-B546-4B5A-9E00-2E25887590D9}"
EndProject
Project("{8BC9CEB8-8B4A-11D0-8D11-00A0C91BC942}") = "Char13-7", "Char13-7\Char13-7.vcxproj", "{1C5DC714-4E96-437D-A7BA-2EF779EF9553}"
EndProject
Project("{8BC9CEB8-8B4A-11D0-8D11-00A0C91BC942}") = "Char13-8", "Char13-8\Char13-8.vcxproj", "{E3086381-76B1-4C65-980F-C74CAE0897E0}"
EndProject
Global
	GlobalSection(SolutionConfigurationPlatforms) = preSolution
		Debug|x64 = Debug|x64
		Debug|x86 = Debug|x86
		Release|x64 = Release|x64
		Release|x86 = Release|x86
	EndGlobalSection
	GlobalSection(ProjectConfigurationPlatforms) = postSolution
		{C1A1F923-9C49-4D2E-B6F0-AAB3506CC99A}.Debug|x64.ActiveCfg = Debug|x64
		{C1A1F923-9C49-4D2E-B6F0-AAB3506CC99A}.Debug|x64.Build.0 = Debug|x64
		{C1A1F923-9C49-4D2E-B6F0-AAB3506CC99A}.Debug|x86.ActiveCfg = Debug|Win32
		{C1A1F923-9C49-4D2E-B6F0-AAB3506CC99A}.Debug|x86.Build.0 = Debug|Win32
		{C1A1F923-9C49-4D2E-B6F0-AAB3506CC99A}.Release|x64.ActiveCfg = Release|x64
		{C1A1F923-9C49-4D2E-B6F0-AAB3506CC99A}.Release|x64.Build.0 = Release|x64
		{C1A1F923-9C49-4D2E-B6F0-AAB3506CC99A}.Release|x86.ActiveCfg = Release|Win32
		{C1A1F923-9C49-4D2E-B6F0-AAB3506CC99A}.Release|x86.Build.0 = Release|Win32
		{2818A0F2-91C3-4DBD-B163-079F161F9523}.Debug|x64.ActiveCfg = Debug|x64
		{2818A0F2-91C3-4DBD-B163-079F161F9523}.Debug|x64.Build.0 = Debug|x64
		{2818A0F2-91C3-4DBD-B163-079F161F9523}.Debug|x86.ActiveCfg = Debug|Win32
		{2818A0F2-91C3-4DBD-B163-079F161F9523}.Debug|x86.Build.0 = Debug|Win32
		{2818A0F2-91C3-4DBD-B163-079F161F9523}.Release|x64.ActiveCfg = Release|x64
		{2818A0F2-91C3-4DBD-B163-079F161F9523}.Release|x64.Build.0 = Release|x64
		{2818A0F2-91C3-4DBD-B163-079F161F9523}.Release|x86.ActiveCfg = Release|Win32
		{2818A0F2-91C3-4DBD-B163-079F161F9523}.Release|x86.Build.0 = Release|Win32
		{F092857C-CC59-4B75-80E1-587BBC5D4402}.Debug|x64.ActiveCfg = Debug|x64
		{F092857C-CC59-4B75-80E1-587BBC5D4402}.Debug|x64.Build.0 = Debug|x64
		{F092857C-CC59-4B75-80E1-587BBC5D4402}.Debug|x86.ActiveCfg = Debug|Win32
		{F092857C-CC59-4B75-80E1-587BBC5D4402}.Debug|x86.Build.0 = Debug|Win32
		{F092857C-CC59-4B75-80E1-587BBC5D4402}.Release|x64.ActiveCfg = Release|x64
		{F092857C-CC59-4B75-80E1-587BBC5D4402}.Release|x64.Build.0 = Release|x64
		{F092857C-CC59-4B75-80E1-587BBC5D4402}.Release|x86.ActiveCfg = Release|Win32
		{F092857C-CC59-4B75-80E1-587BBC5D4402}.Release|x86.Build.0 = Release|Win32
		{314180DD-3870-444D-9BAB-A1E963E2A6C2}.Debug|x64.ActiveCfg = Debug|x64
		{314180DD-3870-444D-9BAB-A1E963E2A6C2}.Debug|x64.Build.0 = Debug|x64
		{314180DD-3870-444D-9BAB-A1E963E2A6C2}.Debug|x86.ActiveCfg = Debug|Win32
		{314180DD-3870-444D-9BAB-A1E963E2A6C2}.Debug|x86.Build.0 = Debug|Win32
		{314180DD-3870-444D-9BAB-A1E963E2A6C2}.Release|x64.ActiveCfg = Release|x64
		{314180DD-3870-444D-9BAB-A1E963E2A6C2}.Release|x64.Build.0 = Release|x64
		{314180DD-3870-444D-9BAB-A1E963E2A6C2}.Release|x86.ActiveCfg = Release|Win32
		{314180DD-3870-444D-9BAB-A1E963E2A6C2}.Release|x86.Build.0 = Release|Win32
		{A0F857B3-57DA-41FF-B25B-3B8FDE172A7D}.Debug|x64.ActiveCfg = Debug|x64
		{A0F857B3-57DA-41FF-B25B-3B8FDE172A7D}.Debug|x64.Build.0 = Debug|x64
		{A0F857B3-57DA-41FF-B25B-3B8FDE172A7D}.Debug|x86.ActiveCfg = Debug|Win32
		{A0F857B3-57DA-41FF-B25B-3B8FDE172A7D}.Debug|x86.Build.0 = Debug|Win32
		{A0F857B3-57DA-41FF-B25B-3B8FDE172A7D}.Release|x64.ActiveCfg = Release|x64
		{A0F857B3-57DA-41FF-B25B-3B8FDE172A7D}.Release|x64.Build.0 = Release|x64
		{A0F857B3-57DA-41FF-B25B-3B8FDE172A7D}.Release|x86.ActiveCfg = Release|Win32
		{A0F857B3-57DA-41FF-B25B-3B8FDE172A7D}.Release|x86.Build.0 = Release|Win32
		{28F2704B-B546-4B5A-9E00-2E25887590D9}.Debug|x64.ActiveCfg = Debug|x64
		{28F2704B-B546-4B5A-9E00-2E25887590D9}.Debug|x64.Build.0 = Debug|x64
		{28F2704B-B546-4B5A-9E00-2E25887590D9}.Debug|x86.ActiveCfg = Debug|Win32
		{28F2704B-B546-4B5A-9E00-2E25887590D9}.Debug|x86.Build.0 = Debug|Win32
		{28F2704B-B546-4B5A-9E00-2E25887590D9}.Release|x64.ActiveCfg = Release|x64
		{28F2704B-B546-4B5A-9E00-2E25887590D9}.Release|x64.Build.0 = Release|x64
		{28F2704B-B546-4B5A-9E00-2E25887590D9}.Release|x86.ActiveCfg = Release|Win32
		{28F2704B-B546-4B5A-9E00-2E25887590D9}.Release|x86.Build.0 = Release|Win32
		{1C5DC714-4E96-437D-A7BA-2EF779EF9553}.Debug|x64.ActiveCfg = Debug|x64
		{1C5DC714-4E96-437D-A7BA-2EF779EF9553}.Debug|x64.Build.0 = Debug|x64
		{1C5DC714-4E96-437D-A7BA-2EF779EF9553}.Debug|x86.ActiveCfg = Debug|Win32
		{1C5DC714-4E96-437D-A7BA-2EF779EF9553}.Debug|x86.Build.0 = Debug|Win32
		{1C5DC714-4E96-437D-A7BA-2EF779EF9553}.Release|x64.ActiveCfg = Release|x64
		{1C5DC714-4E96-437D-A7BA-2EF779EF9553}.Release|x64.Build.0 = Release|x64
		{1C5DC714-4E96-437D-A7BA-2EF779EF9553}.Release|x86.ActiveCfg = Release|Win32
		{1C5DC714-4E96-437D-A7BA-2EF779EF9553}.Release|x86.Build.0 = Release|Win32
		{E3086381-76B1-4C65-980F-C74CAE0897E0}.Debug|x64.ActiveCfg = Debug|x64
		{E3086381-76B1-4C65-980F-C74CAE0897E0}.Debug|x64.Build.0 = Debug|x64
		{E3086381-76B1-4C65-980F-C74CAE0897E0}.Debug|x86.ActiveCfg = Debug|Win32
		{E3086381-76B1-4C65-980F-C74CAE0897E0}.Debug|x86.Build.0 = Debug|Win32
		{E3086381-76B1-4C65-980F-C74CAE0897E0}.Release|x64.ActiveCfg = Release|x64
		{E3086381-76B1-4C65-980F-C74CAE0897E0}.Release|x64.Build.0 = Release|x64
		{E3086381-76B1-4C65-980F-C74CAE0897E0}.Release|x86.ActiveCfg = Release|Win32
		{E3086381-76B1-4C65-980F-C74CAE0897E0}.Release|x86.Build.0 = Release|Win32
	EndGlobalSection
	GlobalSection(SolutionProperties) = preSolution
		HideSolutionNode = FALSE
	EndGlobalSection
	GlobalSection(ExtensibilityGlobals) = postSolution
		SolutionGuid = {2B82DD07-185F-40C5-AA85-47ABB7E77036}
	EndGlobalSection
EndGlobal
