
Microsoft Visual Studio Solution File, Format Version 12.00
# Visual Studio Version 16
VisualStudioVersion = 16.0.31205.134
MinimumVisualStudioVersion = 10.0.40219.1
Project("{8BC9CEB8-8B4A-11D0-8D11-00A0C91BC942}") = "Char15-1", "Char15.응용포인터\Char15.응용포인터.vcxproj", "{842A05E4-D683-42A8-859D-1D289B9DF9A6}"
EndProject
Project("{8BC9CEB8-8B4A-11D0-8D11-00A0C91BC942}") = "Char15-2", "Char15-2\Char15-2.vcxproj", "{3179E50D-0218-4463-95D2-B5FA0B8B2FF3}"
EndProject
Project("{8BC9CEB8-8B4A-11D0-8D11-00A0C91BC942}") = "Char15-3", "Char15-3\Char15-3.vcxproj", "{28C0C14D-CBEC-4F37-BD16-4D0D5646B711}"
EndProject
Project("{8BC9CEB8-8B4A-11D0-8D11-00A0C91BC942}") = "Char15-4", "Char15-4\Char15-4.vcxproj", "{1670C4C7-9F92-4964-9EDF-2581E484AC05}"
EndProject
Project("{8BC9CEB8-8B4A-11D0-8D11-00A0C91BC942}") = "Char15-5", "Char15-5\Char15-5.vcxproj", "{9C654042-B5F7-4CC8-B761-8763B456FA64}"
EndProject
Project("{8BC9CEB8-8B4A-11D0-8D11-00A0C91BC942}") = "실습", "실습\실습.vcxproj", "{1AD0581A-155C-4A03-8CCC-46240799F0B9}"
EndProject
Project("{8BC9CEB8-8B4A-11D0-8D11-00A0C91BC942}") = "배열과 포인터의 관계", "배열과 포인터의 관계\배열과 포인터의 관계.vcxproj", "{B0C491D8-5FCD-43AA-99EB-987F91EF1F85}"
EndProject
Project("{8BC9CEB8-8B4A-11D0-8D11-00A0C91BC942}") = "Char15-6", "Char15-6\Char15-6.vcxproj", "{F0226F72-68D1-412E-BD15-7BF950B8448E}"
EndProject
Project("{8BC9CEB8-8B4A-11D0-8D11-00A0C91BC942}") = "Char15-7", "Char15-7\Char15-7.vcxproj", "{36B038C1-BA6D-4711-A2A8-7DB1DB19263F}"
EndProject
Project("{8BC9CEB8-8B4A-11D0-8D11-00A0C91BC942}") = "Char15-8", "Char15-8\Char15-8.vcxproj", "{010F9918-97B0-4F77-B291-1DC7E1C5671B}"
EndProject
Project("{8BC9CEB8-8B4A-11D0-8D11-00A0C91BC942}") = "Char15-9", "Char15-9\Char15-9.vcxproj", "{C9B4915B-1A39-4A35-9ECA-03C0BC710E84}"
EndProject
Global
	GlobalSection(SolutionConfigurationPlatforms) = preSolution
		Debug|x64 = Debug|x64
		Debug|x86 = Debug|x86
		Release|x64 = Release|x64
		Release|x86 = Release|x86
	EndGlobalSection
	GlobalSection(ProjectConfigurationPlatforms) = postSolution
		{842A05E4-D683-42A8-859D-1D289B9DF9A6}.Debug|x64.ActiveCfg = Debug|x64
		{842A05E4-D683-42A8-859D-1D289B9DF9A6}.Debug|x64.Build.0 = Debug|x64
		{842A05E4-D683-42A8-859D-1D289B9DF9A6}.Debug|x86.ActiveCfg = Debug|Win32
		{842A05E4-D683-42A8-859D-1D289B9DF9A6}.Debug|x86.Build.0 = Debug|Win32
		{842A05E4-D683-42A8-859D-1D289B9DF9A6}.Release|x64.ActiveCfg = Release|x64
		{842A05E4-D683-42A8-859D-1D289B9DF9A6}.Release|x64.Build.0 = Release|x64
		{842A05E4-D683-42A8-859D-1D289B9DF9A6}.Release|x86.ActiveCfg = Release|Win32
		{842A05E4-D683-42A8-859D-1D289B9DF9A6}.Release|x86.Build.0 = Release|Win32
		{3179E50D-0218-4463-95D2-B5FA0B8B2FF3}.Debug|x64.ActiveCfg = Debug|x64
		{3179E50D-0218-4463-95D2-B5FA0B8B2FF3}.Debug|x64.Build.0 = Debug|x64
		{3179E50D-0218-4463-95D2-B5FA0B8B2FF3}.Debug|x86.ActiveCfg = Debug|Win32
		{3179E50D-0218-4463-95D2-B5FA0B8B2FF3}.Debug|x86.Build.0 = Debug|Win32
		{3179E50D-0218-4463-95D2-B5FA0B8B2FF3}.Release|x64.ActiveCfg = Release|x64
		{3179E50D-0218-4463-95D2-B5FA0B8B2FF3}.Release|x64.Build.0 = Release|x64
		{3179E50D-0218-4463-95D2-B5FA0B8B2FF3}.Release|x86.ActiveCfg = Release|Win32
		{3179E50D-0218-4463-95D2-B5FA0B8B2FF3}.Release|x86.Build.0 = Release|Win32
		{28C0C14D-CBEC-4F37-BD16-4D0D5646B711}.Debug|x64.ActiveCfg = Debug|x64
		{28C0C14D-CBEC-4F37-BD16-4D0D5646B711}.Debug|x64.Build.0 = Debug|x64
		{28C0C14D-CBEC-4F37-BD16-4D0D5646B711}.Debug|x86.ActiveCfg = Debug|Win32
		{28C0C14D-CBEC-4F37-BD16-4D0D5646B711}.Debug|x86.Build.0 = Debug|Win32
		{28C0C14D-CBEC-4F37-BD16-4D0D5646B711}.Release|x64.ActiveCfg = Release|x64
		{28C0C14D-CBEC-4F37-BD16-4D0D5646B711}.Release|x64.Build.0 = Release|x64
		{28C0C14D-CBEC-4F37-BD16-4D0D5646B711}.Release|x86.ActiveCfg = Release|Win32
		{28C0C14D-CBEC-4F37-BD16-4D0D5646B711}.Release|x86.Build.0 = Release|Win32
		{1670C4C7-9F92-4964-9EDF-2581E484AC05}.Debug|x64.ActiveCfg = Debug|x64
		{1670C4C7-9F92-4964-9EDF-2581E484AC05}.Debug|x64.Build.0 = Debug|x64
		{1670C4C7-9F92-4964-9EDF-2581E484AC05}.Debug|x86.ActiveCfg = Debug|Win32
		{1670C4C7-9F92-4964-9EDF-2581E484AC05}.Debug|x86.Build.0 = Debug|Win32
		{1670C4C7-9F92-4964-9EDF-2581E484AC05}.Release|x64.ActiveCfg = Release|x64
		{1670C4C7-9F92-4964-9EDF-2581E484AC05}.Release|x64.Build.0 = Release|x64
		{1670C4C7-9F92-4964-9EDF-2581E484AC05}.Release|x86.ActiveCfg = Release|Win32
		{1670C4C7-9F92-4964-9EDF-2581E484AC05}.Release|x86.Build.0 = Release|Win32
		{9C654042-B5F7-4CC8-B761-8763B456FA64}.Debug|x64.ActiveCfg = Debug|x64
		{9C654042-B5F7-4CC8-B761-8763B456FA64}.Debug|x64.Build.0 = Debug|x64
		{9C654042-B5F7-4CC8-B761-8763B456FA64}.Debug|x86.ActiveCfg = Debug|Win32
		{9C654042-B5F7-4CC8-B761-8763B456FA64}.Debug|x86.Build.0 = Debug|Win32
		{9C654042-B5F7-4CC8-B761-8763B456FA64}.Release|x64.ActiveCfg = Release|x64
		{9C654042-B5F7-4CC8-B761-8763B456FA64}.Release|x64.Build.0 = Release|x64
		{9C654042-B5F7-4CC8-B761-8763B456FA64}.Release|x86.ActiveCfg = Release|Win32
		{9C654042-B5F7-4CC8-B761-8763B456FA64}.Release|x86.Build.0 = Release|Win32
		{1AD0581A-155C-4A03-8CCC-46240799F0B9}.Debug|x64.ActiveCfg = Debug|x64
		{1AD0581A-155C-4A03-8CCC-46240799F0B9}.Debug|x64.Build.0 = Debug|x64
		{1AD0581A-155C-4A03-8CCC-46240799F0B9}.Debug|x86.ActiveCfg = Debug|Win32
		{1AD0581A-155C-4A03-8CCC-46240799F0B9}.Debug|x86.Build.0 = Debug|Win32
		{1AD0581A-155C-4A03-8CCC-46240799F0B9}.Release|x64.ActiveCfg = Release|x64
		{1AD0581A-155C-4A03-8CCC-46240799F0B9}.Release|x64.Build.0 = Release|x64
		{1AD0581A-155C-4A03-8CCC-46240799F0B9}.Release|x86.ActiveCfg = Release|Win32
		{1AD0581A-155C-4A03-8CCC-46240799F0B9}.Release|x86.Build.0 = Release|Win32
		{B0C491D8-5FCD-43AA-99EB-987F91EF1F85}.Debug|x64.ActiveCfg = Debug|x64
		{B0C491D8-5FCD-43AA-99EB-987F91EF1F85}.Debug|x64.Build.0 = Debug|x64
		{B0C491D8-5FCD-43AA-99EB-987F91EF1F85}.Debug|x86.ActiveCfg = Debug|Win32
		{B0C491D8-5FCD-43AA-99EB-987F91EF1F85}.Debug|x86.Build.0 = Debug|Win32
		{B0C491D8-5FCD-43AA-99EB-987F91EF1F85}.Release|x64.ActiveCfg = Release|x64
		{B0C491D8-5FCD-43AA-99EB-987F91EF1F85}.Release|x64.Build.0 = Release|x64
		{B0C491D8-5FCD-43AA-99EB-987F91EF1F85}.Release|x86.ActiveCfg = Release|Win32
		{B0C491D8-5FCD-43AA-99EB-987F91EF1F85}.Release|x86.Build.0 = Release|Win32
		{F0226F72-68D1-412E-BD15-7BF950B8448E}.Debug|x64.ActiveCfg = Debug|x64
		{F0226F72-68D1-412E-BD15-7BF950B8448E}.Debug|x64.Build.0 = Debug|x64
		{F0226F72-68D1-412E-BD15-7BF950B8448E}.Debug|x86.ActiveCfg = Debug|Win32
		{F0226F72-68D1-412E-BD15-7BF950B8448E}.Debug|x86.Build.0 = Debug|Win32
		{F0226F72-68D1-412E-BD15-7BF950B8448E}.Release|x64.ActiveCfg = Release|x64
		{F0226F72-68D1-412E-BD15-7BF950B8448E}.Release|x64.Build.0 = Release|x64
		{F0226F72-68D1-412E-BD15-7BF950B8448E}.Release|x86.ActiveCfg = Release|Win32
		{F0226F72-68D1-412E-BD15-7BF950B8448E}.Release|x86.Build.0 = Release|Win32
		{36B038C1-BA6D-4711-A2A8-7DB1DB19263F}.Debug|x64.ActiveCfg = Debug|x64
		{36B038C1-BA6D-4711-A2A8-7DB1DB19263F}.Debug|x64.Build.0 = Debug|x64
		{36B038C1-BA6D-4711-A2A8-7DB1DB19263F}.Debug|x86.ActiveCfg = Debug|Win32
		{36B038C1-BA6D-4711-A2A8-7DB1DB19263F}.Debug|x86.Build.0 = Debug|Win32
		{36B038C1-BA6D-4711-A2A8-7DB1DB19263F}.Release|x64.ActiveCfg = Release|x64
		{36B038C1-BA6D-4711-A2A8-7DB1DB19263F}.Release|x64.Build.0 = Release|x64
		{36B038C1-BA6D-4711-A2A8-7DB1DB19263F}.Release|x86.ActiveCfg = Release|Win32
		{36B038C1-BA6D-4711-A2A8-7DB1DB19263F}.Release|x86.Build.0 = Release|Win32
		{010F9918-97B0-4F77-B291-1DC7E1C5671B}.Debug|x64.ActiveCfg = Debug|x64
		{010F9918-97B0-4F77-B291-1DC7E1C5671B}.Debug|x64.Build.0 = Debug|x64
		{010F9918-97B0-4F77-B291-1DC7E1C5671B}.Debug|x86.ActiveCfg = Debug|Win32
		{010F9918-97B0-4F77-B291-1DC7E1C5671B}.Debug|x86.Build.0 = Debug|Win32
		{010F9918-97B0-4F77-B291-1DC7E1C5671B}.Release|x64.ActiveCfg = Release|x64
		{010F9918-97B0-4F77-B291-1DC7E1C5671B}.Release|x64.Build.0 = Release|x64
		{010F9918-97B0-4F77-B291-1DC7E1C5671B}.Release|x86.ActiveCfg = Release|Win32
		{010F9918-97B0-4F77-B291-1DC7E1C5671B}.Release|x86.Build.0 = Release|Win32
		{C9B4915B-1A39-4A35-9ECA-03C0BC710E84}.Debug|x64.ActiveCfg = Debug|x64
		{C9B4915B-1A39-4A35-9ECA-03C0BC710E84}.Debug|x64.Build.0 = Debug|x64
		{C9B4915B-1A39-4A35-9ECA-03C0BC710E84}.Debug|x86.ActiveCfg = Debug|Win32
		{C9B4915B-1A39-4A35-9ECA-03C0BC710E84}.Debug|x86.Build.0 = Debug|Win32
		{C9B4915B-1A39-4A35-9ECA-03C0BC710E84}.Release|x64.ActiveCfg = Release|x64
		{C9B4915B-1A39-4A35-9ECA-03C0BC710E84}.Release|x64.Build.0 = Release|x64
		{C9B4915B-1A39-4A35-9ECA-03C0BC710E84}.Release|x86.ActiveCfg = Release|Win32
		{C9B4915B-1A39-4A35-9ECA-03C0BC710E84}.Release|x86.Build.0 = Release|Win32
	EndGlobalSection
	GlobalSection(SolutionProperties) = preSolution
		HideSolutionNode = FALSE
	EndGlobalSection
	GlobalSection(ExtensibilityGlobals) = postSolution
		SolutionGuid = {28BD7721-F6DD-4034-9D3E-E7EEFD9D71A2}
	EndGlobalSection
EndGlobal
