
Microsoft Visual Studio Solution File, Format Version 12.00
# Visual Studio Version 16
VisualStudioVersion = 16.0.31205.134
MinimumVisualStudioVersion = 10.0.40219.1
Project("{8BC9CEB8-8B4A-11D0-8D11-00A0C91BC942}") = "Char18-1", "Char18.파일 입출력\Char18.파일 입출력.vcxproj", "{EC1A3E26-F216-46E9-9CBE-BB6001FF5476}"
EndProject
Project("{8BC9CEB8-8B4A-11D0-8D11-00A0C91BC942}") = "Char18-2", "Char18-2\Char18-2.vcxproj", "{6E2F1F09-EFB5-4F27-A3ED-195B0D808310}"
EndProject
Project("{8BC9CEB8-8B4A-11D0-8D11-00A0C91BC942}") = "Char18-5", "Char15-5\Char15-5.vcxproj", "{FC25AF5E-80DF-4C1C-933B-8D8B90E7EA15}"
EndProject
Project("{8BC9CEB8-8B4A-11D0-8D11-00A0C91BC942}") = "실습", "실습\실습.vcxproj", "{9A2F01AC-133A-4BCF-A8B9-54C772379E47}"
EndProject
Project("{8BC9CEB8-8B4A-11D0-8D11-00A0C91BC942}") = "Char18-6", "Char18-6\Char18-6.vcxproj", "{4F5C54AB-1EB5-4E33-84C6-2328385FE523}"
EndProject
Project("{8BC9CEB8-8B4A-11D0-8D11-00A0C91BC942}") = "Char18-7", "Char18-7\Char18-7.vcxproj", "{D74121E2-2D29-4EDF-BDED-681ED2A2CA5D}"
EndProject
Project("{8BC9CEB8-8B4A-11D0-8D11-00A0C91BC942}") = "Char18-8", "Char18-8\Char18-8.vcxproj", "{2B1343A3-F6E6-4FC2-8C14-8BBB3F5FCCD4}"
EndProject
Project("{8BC9CEB8-8B4A-11D0-8D11-00A0C91BC942}") = "Char18-9", "Char18-9\Char18-9.vcxproj", "{63A06331-DF32-44F9-BCC3-EACA3B899F4F}"
EndProject
Project("{8BC9CEB8-8B4A-11D0-8D11-00A0C91BC942}") = "Char18-10", "Char18-10\Char18-10.vcxproj", "{AF71A49A-E1D9-4B06-BF06-CDCB348F6300}"
EndProject
Project("{8BC9CEB8-8B4A-11D0-8D11-00A0C91BC942}") = "Char18-11", "Char18-11\Char18-11.vcxproj", "{16874F57-AF73-4C6E-A2FB-6B5F62B9FDE3}"
EndProject
Global
	GlobalSection(SolutionConfigurationPlatforms) = preSolution
		Debug|x64 = Debug|x64
		Debug|x86 = Debug|x86
		Release|x64 = Release|x64
		Release|x86 = Release|x86
	EndGlobalSection
	GlobalSection(ProjectConfigurationPlatforms) = postSolution
		{EC1A3E26-F216-46E9-9CBE-BB6001FF5476}.Debug|x64.ActiveCfg = Debug|x64
		{EC1A3E26-F216-46E9-9CBE-BB6001FF5476}.Debug|x64.Build.0 = Debug|x64
		{EC1A3E26-F216-46E9-9CBE-BB6001FF5476}.Debug|x86.ActiveCfg = Debug|Win32
		{EC1A3E26-F216-46E9-9CBE-BB6001FF5476}.Debug|x86.Build.0 = Debug|Win32
		{EC1A3E26-F216-46E9-9CBE-BB6001FF5476}.Release|x64.ActiveCfg = Release|x64
		{EC1A3E26-F216-46E9-9CBE-BB6001FF5476}.Release|x64.Build.0 = Release|x64
		{EC1A3E26-F216-46E9-9CBE-BB6001FF5476}.Release|x86.ActiveCfg = Release|Win32
		{EC1A3E26-F216-46E9-9CBE-BB6001FF5476}.Release|x86.Build.0 = Release|Win32
		{6E2F1F09-EFB5-4F27-A3ED-195B0D808310}.Debug|x64.ActiveCfg = Debug|x64
		{6E2F1F09-EFB5-4F27-A3ED-195B0D808310}.Debug|x64.Build.0 = Debug|x64
		{6E2F1F09-EFB5-4F27-A3ED-195B0D808310}.Debug|x86.ActiveCfg = Debug|Win32
		{6E2F1F09-EFB5-4F27-A3ED-195B0D808310}.Debug|x86.Build.0 = Debug|Win32
		{6E2F1F09-EFB5-4F27-A3ED-195B0D808310}.Release|x64.ActiveCfg = Release|x64
		{6E2F1F09-EFB5-4F27-A3ED-195B0D808310}.Release|x64.Build.0 = Release|x64
		{6E2F1F09-EFB5-4F27-A3ED-195B0D808310}.Release|x86.ActiveCfg = Release|Win32
		{6E2F1F09-EFB5-4F27-A3ED-195B0D808310}.Release|x86.Build.0 = Release|Win32
		{FC25AF5E-80DF-4C1C-933B-8D8B90E7EA15}.Debug|x64.ActiveCfg = Debug|x64
		{FC25AF5E-80DF-4C1C-933B-8D8B90E7EA15}.Debug|x64.Build.0 = Debug|x64
		{FC25AF5E-80DF-4C1C-933B-8D8B90E7EA15}.Debug|x86.ActiveCfg = Debug|Win32
		{FC25AF5E-80DF-4C1C-933B-8D8B90E7EA15}.Debug|x86.Build.0 = Debug|Win32
		{FC25AF5E-80DF-4C1C-933B-8D8B90E7EA15}.Release|x64.ActiveCfg = Release|x64
		{FC25AF5E-80DF-4C1C-933B-8D8B90E7EA15}.Release|x64.Build.0 = Release|x64
		{FC25AF5E-80DF-4C1C-933B-8D8B90E7EA15}.Release|x86.ActiveCfg = Release|Win32
		{FC25AF5E-80DF-4C1C-933B-8D8B90E7EA15}.Release|x86.Build.0 = Release|Win32
		{9A2F01AC-133A-4BCF-A8B9-54C772379E47}.Debug|x64.ActiveCfg = Debug|x64
		{9A2F01AC-133A-4BCF-A8B9-54C772379E47}.Debug|x64.Build.0 = Debug|x64
		{9A2F01AC-133A-4BCF-A8B9-54C772379E47}.Debug|x86.ActiveCfg = Debug|Win32
		{9A2F01AC-133A-4BCF-A8B9-54C772379E47}.Debug|x86.Build.0 = Debug|Win32
		{9A2F01AC-133A-4BCF-A8B9-54C772379E47}.Release|x64.ActiveCfg = Release|x64
		{9A2F01AC-133A-4BCF-A8B9-54C772379E47}.Release|x64.Build.0 = Release|x64
		{9A2F01AC-133A-4BCF-A8B9-54C772379E47}.Release|x86.ActiveCfg = Release|Win32
		{9A2F01AC-133A-4BCF-A8B9-54C772379E47}.Release|x86.Build.0 = Release|Win32
		{4F5C54AB-1EB5-4E33-84C6-2328385FE523}.Debug|x64.ActiveCfg = Debug|x64
		{4F5C54AB-1EB5-4E33-84C6-2328385FE523}.Debug|x64.Build.0 = Debug|x64
		{4F5C54AB-1EB5-4E33-84C6-2328385FE523}.Debug|x86.ActiveCfg = Debug|Win32
		{4F5C54AB-1EB5-4E33-84C6-2328385FE523}.Debug|x86.Build.0 = Debug|Win32
		{4F5C54AB-1EB5-4E33-84C6-2328385FE523}.Release|x64.ActiveCfg = Release|x64
		{4F5C54AB-1EB5-4E33-84C6-2328385FE523}.Release|x64.Build.0 = Release|x64
		{4F5C54AB-1EB5-4E33-84C6-2328385FE523}.Release|x86.ActiveCfg = Release|Win32
		{4F5C54AB-1EB5-4E33-84C6-2328385FE523}.Release|x86.Build.0 = Release|Win32
		{D74121E2-2D29-4EDF-BDED-681ED2A2CA5D}.Debug|x64.ActiveCfg = Debug|x64
		{D74121E2-2D29-4EDF-BDED-681ED2A2CA5D}.Debug|x64.Build.0 = Debug|x64
		{D74121E2-2D29-4EDF-BDED-681ED2A2CA5D}.Debug|x86.ActiveCfg = Debug|Win32
		{D74121E2-2D29-4EDF-BDED-681ED2A2CA5D}.Debug|x86.Build.0 = Debug|Win32
		{D74121E2-2D29-4EDF-BDED-681ED2A2CA5D}.Release|x64.ActiveCfg = Release|x64
		{D74121E2-2D29-4EDF-BDED-681ED2A2CA5D}.Release|x64.Build.0 = Release|x64
		{D74121E2-2D29-4EDF-BDED-681ED2A2CA5D}.Release|x86.ActiveCfg = Release|Win32
		{D74121E2-2D29-4EDF-BDED-681ED2A2CA5D}.Release|x86.Build.0 = Release|Win32
		{2B1343A3-F6E6-4FC2-8C14-8BBB3F5FCCD4}.Debug|x64.ActiveCfg = Debug|x64
		{2B1343A3-F6E6-4FC2-8C14-8BBB3F5FCCD4}.Debug|x64.Build.0 = Debug|x64
		{2B1343A3-F6E6-4FC2-8C14-8BBB3F5FCCD4}.Debug|x86.ActiveCfg = Debug|Win32
		{2B1343A3-F6E6-4FC2-8C14-8BBB3F5FCCD4}.Debug|x86.Build.0 = Debug|Win32
		{2B1343A3-F6E6-4FC2-8C14-8BBB3F5FCCD4}.Release|x64.ActiveCfg = Release|x64
		{2B1343A3-F6E6-4FC2-8C14-8BBB3F5FCCD4}.Release|x64.Build.0 = Release|x64
		{2B1343A3-F6E6-4FC2-8C14-8BBB3F5FCCD4}.Release|x86.ActiveCfg = Release|Win32
		{2B1343A3-F6E6-4FC2-8C14-8BBB3F5FCCD4}.Release|x86.Build.0 = Release|Win32
		{63A06331-DF32-44F9-BCC3-EACA3B899F4F}.Debug|x64.ActiveCfg = Debug|x64
		{63A06331-DF32-44F9-BCC3-EACA3B899F4F}.Debug|x64.Build.0 = Debug|x64
		{63A06331-DF32-44F9-BCC3-EACA3B899F4F}.Debug|x86.ActiveCfg = Debug|Win32
		{63A06331-DF32-44F9-BCC3-EACA3B899F4F}.Debug|x86.Build.0 = Debug|Win32
		{63A06331-DF32-44F9-BCC3-EACA3B899F4F}.Release|x64.ActiveCfg = Release|x64
		{63A06331-DF32-44F9-BCC3-EACA3B899F4F}.Release|x64.Build.0 = Release|x64
		{63A06331-DF32-44F9-BCC3-EACA3B899F4F}.Release|x86.ActiveCfg = Release|Win32
		{63A06331-DF32-44F9-BCC3-EACA3B899F4F}.Release|x86.Build.0 = Release|Win32
		{AF71A49A-E1D9-4B06-BF06-CDCB348F6300}.Debug|x64.ActiveCfg = Debug|x64
		{AF71A49A-E1D9-4B06-BF06-CDCB348F6300}.Debug|x64.Build.0 = Debug|x64
		{AF71A49A-E1D9-4B06-BF06-CDCB348F6300}.Debug|x86.ActiveCfg = Debug|Win32
		{AF71A49A-E1D9-4B06-BF06-CDCB348F6300}.Debug|x86.Build.0 = Debug|Win32
		{AF71A49A-E1D9-4B06-BF06-CDCB348F6300}.Release|x64.ActiveCfg = Release|x64
		{AF71A49A-E1D9-4B06-BF06-CDCB348F6300}.Release|x64.Build.0 = Release|x64
		{AF71A49A-E1D9-4B06-BF06-CDCB348F6300}.Release|x86.ActiveCfg = Release|Win32
		{AF71A49A-E1D9-4B06-BF06-CDCB348F6300}.Release|x86.Build.0 = Release|Win32
		{16874F57-AF73-4C6E-A2FB-6B5F62B9FDE3}.Debug|x64.ActiveCfg = Debug|x64
		{16874F57-AF73-4C6E-A2FB-6B5F62B9FDE3}.Debug|x64.Build.0 = Debug|x64
		{16874F57-AF73-4C6E-A2FB-6B5F62B9FDE3}.Debug|x86.ActiveCfg = Debug|Win32
		{16874F57-AF73-4C6E-A2FB-6B5F62B9FDE3}.Debug|x86.Build.0 = Debug|Win32
		{16874F57-AF73-4C6E-A2FB-6B5F62B9FDE3}.Release|x64.ActiveCfg = Release|x64
		{16874F57-AF73-4C6E-A2FB-6B5F62B9FDE3}.Release|x64.Build.0 = Release|x64
		{16874F57-AF73-4C6E-A2FB-6B5F62B9FDE3}.Release|x86.ActiveCfg = Release|Win32
		{16874F57-AF73-4C6E-A2FB-6B5F62B9FDE3}.Release|x86.Build.0 = Release|Win32
	EndGlobalSection
	GlobalSection(SolutionProperties) = preSolution
		HideSolutionNode = FALSE
	EndGlobalSection
	GlobalSection(ExtensibilityGlobals) = postSolution
		SolutionGuid = {1D28C6FF-28E5-4234-9454-38E29688B198}
	EndGlobalSection
EndGlobal
