
Microsoft Visual Studio Solution File, Format Version 12.00
# Visual Studio Version 16
VisualStudioVersion = 16.0.31205.134
MinimumVisualStudioVersion = 10.0.40219.1
Project("{8BC9CEB8-8B4A-11D0-8D11-00A0C91BC942}") = "Char4-2", "Char4-2\Char4-2.vcxproj", "{91444A0D-E0FB-4691-AD6C-A4F436541675}"
EndProject
Project("{8BC9CEB8-8B4A-11D0-8D11-00A0C91BC942}") = "Char4-3", "Char4-3\Char4-3.vcxproj", "{81959D96-8E34-4780-98D2-65FCF52D388C}"
EndProject
Project("{8BC9CEB8-8B4A-11D0-8D11-00A0C91BC942}") = "Char4-5", "Char4-5\Char4-5.vcxproj", "{C8344BD5-6A0B-43EF-B1F5-A106985B25F3}"
EndProject
Project("{8BC9CEB8-8B4A-11D0-8D11-00A0C91BC942}") = "Char4-6", "Char4-6\Char4-6.vcxproj", "{7D72B3D0-E22D-4269-978C-E448A2F713E2}"
EndProject
Project("{8BC9CEB8-8B4A-11D0-8D11-00A0C91BC942}") = "Char4-7", "Char4-7\Char4-7.vcxproj", "{73172C23-513C-4FBD-9C1D-D452E4CA0FF4}"
EndProject
Project("{8BC9CEB8-8B4A-11D0-8D11-00A0C91BC942}") = "Char4-8", "Char4-8\Char4-8.vcxproj", "{A635BB7D-1A77-469E-B7A7-89C471230F6B}"
EndProject
Project("{8BC9CEB8-8B4A-11D0-8D11-00A0C91BC942}") = "Char4-9", "Char4-9\Char4-9.vcxproj", "{21CB11E8-1AB0-4EC5-A4A4-84EE9DF8B75D}"
EndProject
Project("{8BC9CEB8-8B4A-11D0-8D11-00A0C91BC942}") = "Char4-10", "Char4-10\Char4-10.vcxproj", "{1B444FE9-1CE1-4A39-8304-1962C37AD772}"
EndProject
Project("{8BC9CEB8-8B4A-11D0-8D11-00A0C91BC942}") = "Char4-11", "Char4-11\Char4-11.vcxproj", "{95A72AAA-1254-4B7E-AF99-3C6BE58D8088}"
EndProject
Project("{8BC9CEB8-8B4A-11D0-8D11-00A0C91BC942}") = "Char4-12", "Char4-12\Char4-12.vcxproj", "{D0F6646C-45FD-468B-A38C-26D9BC9AD887}"
EndProject
Project("{8BC9CEB8-8B4A-11D0-8D11-00A0C91BC942}") = "Char4-13", "Char4-13\Char4-13.vcxproj", "{4E8927AE-1B77-4360-8A58-D929708CD292}"
EndProject
Project("{8BC9CEB8-8B4A-11D0-8D11-00A0C91BC942}") = "Char4-14", "Char4-14\Char4-14.vcxproj", "{9A68DE80-A04B-46DD-AEA2-F343D43DA2E7}"
EndProject
Project("{8BC9CEB8-8B4A-11D0-8D11-00A0C91BC942}") = "Study", "Study\Study.vcxproj", "{581B862C-03D4-4DF4-9A76-CEA5B890FA2B}"
EndProject
Project("{8BC9CEB8-8B4A-11D0-8D11-00A0C91BC942}") = "Char4-1", "Char4-1\Char4-1.vcxproj", "{88C73730-298B-41FC-AE49-36672526C71A}"
EndProject
Project("{8BC9CEB8-8B4A-11D0-8D11-00A0C91BC942}") = "Char4-4", "Char4-4\Char4-4.vcxproj", "{A3EA915E-7A66-4EEE-A6C2-3E72AAD539DC}"
EndProject
Global
	GlobalSection(SolutionConfigurationPlatforms) = preSolution
		Debug|x64 = Debug|x64
		Debug|x86 = Debug|x86
		Release|x64 = Release|x64
		Release|x86 = Release|x86
	EndGlobalSection
	GlobalSection(ProjectConfigurationPlatforms) = postSolution
		{91444A0D-E0FB-4691-AD6C-A4F436541675}.Debug|x64.ActiveCfg = Debug|x64
		{91444A0D-E0FB-4691-AD6C-A4F436541675}.Debug|x64.Build.0 = Debug|x64
		{91444A0D-E0FB-4691-AD6C-A4F436541675}.Debug|x86.ActiveCfg = Debug|Win32
		{91444A0D-E0FB-4691-AD6C-A4F436541675}.Debug|x86.Build.0 = Debug|Win32
		{91444A0D-E0FB-4691-AD6C-A4F436541675}.Release|x64.ActiveCfg = Release|x64
		{91444A0D-E0FB-4691-AD6C-A4F436541675}.Release|x64.Build.0 = Release|x64
		{91444A0D-E0FB-4691-AD6C-A4F436541675}.Release|x86.ActiveCfg = Release|Win32
		{91444A0D-E0FB-4691-AD6C-A4F436541675}.Release|x86.Build.0 = Release|Win32
		{81959D96-8E34-4780-98D2-65FCF52D388C}.Debug|x64.ActiveCfg = Debug|x64
		{81959D96-8E34-4780-98D2-65FCF52D388C}.Debug|x64.Build.0 = Debug|x64
		{81959D96-8E34-4780-98D2-65FCF52D388C}.Debug|x86.ActiveCfg = Debug|Win32
		{81959D96-8E34-4780-98D2-65FCF52D388C}.Debug|x86.Build.0 = Debug|Win32
		{81959D96-8E34-4780-98D2-65FCF52D388C}.Release|x64.ActiveCfg = Release|x64
		{81959D96-8E34-4780-98D2-65FCF52D388C}.Release|x64.Build.0 = Release|x64
		{81959D96-8E34-4780-98D2-65FCF52D388C}.Release|x86.ActiveCfg = Release|Win32
		{81959D96-8E34-4780-98D2-65FCF52D388C}.Release|x86.Build.0 = Release|Win32
		{C8344BD5-6A0B-43EF-B1F5-A106985B25F3}.Debug|x64.ActiveCfg = Debug|x64
		{C8344BD5-6A0B-43EF-B1F5-A106985B25F3}.Debug|x64.Build.0 = Debug|x64
		{C8344BD5-6A0B-43EF-B1F5-A106985B25F3}.Debug|x86.ActiveCfg = Debug|Win32
		{C8344BD5-6A0B-43EF-B1F5-A106985B25F3}.Debug|x86.Build.0 = Debug|Win32
		{C8344BD5-6A0B-43EF-B1F5-A106985B25F3}.Release|x64.ActiveCfg = Release|x64
		{C8344BD5-6A0B-43EF-B1F5-A106985B25F3}.Release|x64.Build.0 = Release|x64
		{C8344BD5-6A0B-43EF-B1F5-A106985B25F3}.Release|x86.ActiveCfg = Release|Win32
		{C8344BD5-6A0B-43EF-B1F5-A106985B25F3}.Release|x86.Build.0 = Release|Win32
		{7D72B3D0-E22D-4269-978C-E448A2F713E2}.Debug|x64.ActiveCfg = Debug|x64
		{7D72B3D0-E22D-4269-978C-E448A2F713E2}.Debug|x64.Build.0 = Debug|x64
		{7D72B3D0-E22D-4269-978C-E448A2F713E2}.Debug|x86.ActiveCfg = Debug|Win32
		{7D72B3D0-E22D-4269-978C-E448A2F713E2}.Debug|x86.Build.0 = Debug|Win32
		{7D72B3D0-E22D-4269-978C-E448A2F713E2}.Release|x64.ActiveCfg = Release|x64
		{7D72B3D0-E22D-4269-978C-E448A2F713E2}.Release|x64.Build.0 = Release|x64
		{7D72B3D0-E22D-4269-978C-E448A2F713E2}.Release|x86.ActiveCfg = Release|Win32
		{7D72B3D0-E22D-4269-978C-E448A2F713E2}.Release|x86.Build.0 = Release|Win32
		{73172C23-513C-4FBD-9C1D-D452E4CA0FF4}.Debug|x64.ActiveCfg = Debug|x64
		{73172C23-513C-4FBD-9C1D-D452E4CA0FF4}.Debug|x64.Build.0 = Debug|x64
		{73172C23-513C-4FBD-9C1D-D452E4CA0FF4}.Debug|x86.ActiveCfg = Debug|Win32
		{73172C23-513C-4FBD-9C1D-D452E4CA0FF4}.Debug|x86.Build.0 = Debug|Win32
		{73172C23-513C-4FBD-9C1D-D452E4CA0FF4}.Release|x64.ActiveCfg = Release|x64
		{73172C23-513C-4FBD-9C1D-D452E4CA0FF4}.Release|x64.Build.0 = Release|x64
		{73172C23-513C-4FBD-9C1D-D452E4CA0FF4}.Release|x86.ActiveCfg = Release|Win32
		{73172C23-513C-4FBD-9C1D-D452E4CA0FF4}.Release|x86.Build.0 = Release|Win32
		{A635BB7D-1A77-469E-B7A7-89C471230F6B}.Debug|x64.ActiveCfg = Debug|x64
		{A635BB7D-1A77-469E-B7A7-89C471230F6B}.Debug|x64.Build.0 = Debug|x64
		{A635BB7D-1A77-469E-B7A7-89C471230F6B}.Debug|x86.ActiveCfg = Debug|Win32
		{A635BB7D-1A77-469E-B7A7-89C471230F6B}.Debug|x86.Build.0 = Debug|Win32
		{A635BB7D-1A77-469E-B7A7-89C471230F6B}.Release|x64.ActiveCfg = Release|x64
		{A635BB7D-1A77-469E-B7A7-89C471230F6B}.Release|x64.Build.0 = Release|x64
		{A635BB7D-1A77-469E-B7A7-89C471230F6B}.Release|x86.ActiveCfg = Release|Win32
		{A635BB7D-1A77-469E-B7A7-89C471230F6B}.Release|x86.Build.0 = Release|Win32
		{21CB11E8-1AB0-4EC5-A4A4-84EE9DF8B75D}.Debug|x64.ActiveCfg = Debug|x64
		{21CB11E8-1AB0-4EC5-A4A4-84EE9DF8B75D}.Debug|x64.Build.0 = Debug|x64
		{21CB11E8-1AB0-4EC5-A4A4-84EE9DF8B75D}.Debug|x86.ActiveCfg = Debug|Win32
		{21CB11E8-1AB0-4EC5-A4A4-84EE9DF8B75D}.Debug|x86.Build.0 = Debug|Win32
		{21CB11E8-1AB0-4EC5-A4A4-84EE9DF8B75D}.Release|x64.ActiveCfg = Release|x64
		{21CB11E8-1AB0-4EC5-A4A4-84EE9DF8B75D}.Release|x64.Build.0 = Release|x64
		{21CB11E8-1AB0-4EC5-A4A4-84EE9DF8B75D}.Release|x86.ActiveCfg = Release|Win32
		{21CB11E8-1AB0-4EC5-A4A4-84EE9DF8B75D}.Release|x86.Build.0 = Release|Win32
		{1B444FE9-1CE1-4A39-8304-1962C37AD772}.Debug|x64.ActiveCfg = Debug|x64
		{1B444FE9-1CE1-4A39-8304-1962C37AD772}.Debug|x64.Build.0 = Debug|x64
		{1B444FE9-1CE1-4A39-8304-1962C37AD772}.Debug|x86.ActiveCfg = Debug|Win32
		{1B444FE9-1CE1-4A39-8304-1962C37AD772}.Debug|x86.Build.0 = Debug|Win32
		{1B444FE9-1CE1-4A39-8304-1962C37AD772}.Release|x64.ActiveCfg = Release|x64
		{1B444FE9-1CE1-4A39-8304-1962C37AD772}.Release|x64.Build.0 = Release|x64
		{1B444FE9-1CE1-4A39-8304-1962C37AD772}.Release|x86.ActiveCfg = Release|Win32
		{1B444FE9-1CE1-4A39-8304-1962C37AD772}.Release|x86.Build.0 = Release|Win32
		{95A72AAA-1254-4B7E-AF99-3C6BE58D8088}.Debug|x64.ActiveCfg = Debug|x64
		{95A72AAA-1254-4B7E-AF99-3C6BE58D8088}.Debug|x64.Build.0 = Debug|x64
		{95A72AAA-1254-4B7E-AF99-3C6BE58D8088}.Debug|x86.ActiveCfg = Debug|Win32
		{95A72AAA-1254-4B7E-AF99-3C6BE58D8088}.Debug|x86.Build.0 = Debug|Win32
		{95A72AAA-1254-4B7E-AF99-3C6BE58D8088}.Release|x64.ActiveCfg = Release|x64
		{95A72AAA-1254-4B7E-AF99-3C6BE58D8088}.Release|x64.Build.0 = Release|x64
		{95A72AAA-1254-4B7E-AF99-3C6BE58D8088}.Release|x86.ActiveCfg = Release|Win32
		{95A72AAA-1254-4B7E-AF99-3C6BE58D8088}.Release|x86.Build.0 = Release|Win32
		{D0F6646C-45FD-468B-A38C-26D9BC9AD887}.Debug|x64.ActiveCfg = Debug|x64
		{D0F6646C-45FD-468B-A38C-26D9BC9AD887}.Debug|x64.Build.0 = Debug|x64
		{D0F6646C-45FD-468B-A38C-26D9BC9AD887}.Debug|x86.ActiveCfg = Debug|Win32
		{D0F6646C-45FD-468B-A38C-26D9BC9AD887}.Debug|x86.Build.0 = Debug|Win32
		{D0F6646C-45FD-468B-A38C-26D9BC9AD887}.Release|x64.ActiveCfg = Release|x64
		{D0F6646C-45FD-468B-A38C-26D9BC9AD887}.Release|x64.Build.0 = Release|x64
		{D0F6646C-45FD-468B-A38C-26D9BC9AD887}.Release|x86.ActiveCfg = Release|Win32
		{D0F6646C-45FD-468B-A38C-26D9BC9AD887}.Release|x86.Build.0 = Release|Win32
		{4E8927AE-1B77-4360-8A58-D929708CD292}.Debug|x64.ActiveCfg = Debug|x64
		{4E8927AE-1B77-4360-8A58-D929708CD292}.Debug|x64.Build.0 = Debug|x64
		{4E8927AE-1B77-4360-8A58-D929708CD292}.Debug|x86.ActiveCfg = Debug|Win32
		{4E8927AE-1B77-4360-8A58-D929708CD292}.Debug|x86.Build.0 = Debug|Win32
		{4E8927AE-1B77-4360-8A58-D929708CD292}.Release|x64.ActiveCfg = Release|x64
		{4E8927AE-1B77-4360-8A58-D929708CD292}.Release|x64.Build.0 = Release|x64
		{4E8927AE-1B77-4360-8A58-D929708CD292}.Release|x86.ActiveCfg = Release|Win32
		{4E8927AE-1B77-4360-8A58-D929708CD292}.Release|x86.Build.0 = Release|Win32
		{9A68DE80-A04B-46DD-AEA2-F343D43DA2E7}.Debug|x64.ActiveCfg = Debug|x64
		{9A68DE80-A04B-46DD-AEA2-F343D43DA2E7}.Debug|x64.Build.0 = Debug|x64
		{9A68DE80-A04B-46DD-AEA2-F343D43DA2E7}.Debug|x86.ActiveCfg = Debug|Win32
		{9A68DE80-A04B-46DD-AEA2-F343D43DA2E7}.Debug|x86.Build.0 = Debug|Win32
		{9A68DE80-A04B-46DD-AEA2-F343D43DA2E7}.Release|x64.ActiveCfg = Release|x64
		{9A68DE80-A04B-46DD-AEA2-F343D43DA2E7}.Release|x64.Build.0 = Release|x64
		{9A68DE80-A04B-46DD-AEA2-F343D43DA2E7}.Release|x86.ActiveCfg = Release|Win32
		{9A68DE80-A04B-46DD-AEA2-F343D43DA2E7}.Release|x86.Build.0 = Release|Win32
		{581B862C-03D4-4DF4-9A76-CEA5B890FA2B}.Debug|x64.ActiveCfg = Debug|x64
		{581B862C-03D4-4DF4-9A76-CEA5B890FA2B}.Debug|x64.Build.0 = Debug|x64
		{581B862C-03D4-4DF4-9A76-CEA5B890FA2B}.Debug|x86.ActiveCfg = Debug|Win32
		{581B862C-03D4-4DF4-9A76-CEA5B890FA2B}.Debug|x86.Build.0 = Debug|Win32
		{581B862C-03D4-4DF4-9A76-CEA5B890FA2B}.Release|x64.ActiveCfg = Release|x64
		{581B862C-03D4-4DF4-9A76-CEA5B890FA2B}.Release|x64.Build.0 = Release|x64
		{581B862C-03D4-4DF4-9A76-CEA5B890FA2B}.Release|x86.ActiveCfg = Release|Win32
		{581B862C-03D4-4DF4-9A76-CEA5B890FA2B}.Release|x86.Build.0 = Release|Win32
		{88C73730-298B-41FC-AE49-36672526C71A}.Debug|x64.ActiveCfg = Debug|x64
		{88C73730-298B-41FC-AE49-36672526C71A}.Debug|x64.Build.0 = Debug|x64
		{88C73730-298B-41FC-AE49-36672526C71A}.Debug|x86.ActiveCfg = Debug|Win32
		{88C73730-298B-41FC-AE49-36672526C71A}.Debug|x86.Build.0 = Debug|Win32
		{88C73730-298B-41FC-AE49-36672526C71A}.Release|x64.ActiveCfg = Release|x64
		{88C73730-298B-41FC-AE49-36672526C71A}.Release|x64.Build.0 = Release|x64
		{88C73730-298B-41FC-AE49-36672526C71A}.Release|x86.ActiveCfg = Release|Win32
		{88C73730-298B-41FC-AE49-36672526C71A}.Release|x86.Build.0 = Release|Win32
		{A3EA915E-7A66-4EEE-A6C2-3E72AAD539DC}.Debug|x64.ActiveCfg = Debug|x64
		{A3EA915E-7A66-4EEE-A6C2-3E72AAD539DC}.Debug|x64.Build.0 = Debug|x64
		{A3EA915E-7A66-4EEE-A6C2-3E72AAD539DC}.Debug|x86.ActiveCfg = Debug|Win32
		{A3EA915E-7A66-4EEE-A6C2-3E72AAD539DC}.Debug|x86.Build.0 = Debug|Win32
		{A3EA915E-7A66-4EEE-A6C2-3E72AAD539DC}.Release|x64.ActiveCfg = Release|x64
		{A3EA915E-7A66-4EEE-A6C2-3E72AAD539DC}.Release|x64.Build.0 = Release|x64
		{A3EA915E-7A66-4EEE-A6C2-3E72AAD539DC}.Release|x86.ActiveCfg = Release|Win32
		{A3EA915E-7A66-4EEE-A6C2-3E72AAD539DC}.Release|x86.Build.0 = Release|Win32
	EndGlobalSection
	GlobalSection(SolutionProperties) = preSolution
		HideSolutionNode = FALSE
	EndGlobalSection
	GlobalSection(ExtensibilityGlobals) = postSolution
		SolutionGuid = {95E8E7C6-E1E5-489A-8C1C-DC9FE9E488D5}
	EndGlobalSection
EndGlobal
